// !$*UTF8*$!
{
	archiveVersion = 1;
	classes = {
	};
	objectVersion = 46;
	objects = {

/* Begin PBXBuildFile section */
		3FC7ED19ADAD5698820BBF7B /* Pods_MoonBlog.framework in Frameworks */ = {isa = PBXBuildFile; fileRef = 815172332782BC8A4591AE11 /* Pods_MoonBlog.framework */; };
		6F0A39F01F10D10B006768F6 /* CYHomeRetweetView.swift in Sources */ = {isa = PBXBuildFile; fileRef = 6F0A39EF1F10D10B006768F6 /* CYHomeRetweetView.swift */; };
		6F0A39F21F114E9A006768F6 /* CYHomePictureModel.swift in Sources */ = {isa = PBXBuildFile; fileRef = 6F0A39F11F114E9A006768F6 /* CYHomePictureModel.swift */; };
		6F0A39F41F11559D006768F6 /* CYHomePictureCollView.swift in Sources */ = {isa = PBXBuildFile; fileRef = 6F0A39F31F11559D006768F6 /* CYHomePictureCollView.swift */; };
		6F0AE57C1F0E8AF000D18AB0 /* CYHomeCellViewModel.swift in Sources */ = {isa = PBXBuildFile; fileRef = 6F0AE57B1F0E8AF000D18AB0 /* CYHomeCellViewModel.swift */; };
		6F0AE57E1F0FD3B200D18AB0 /* CYHomeBar.swift in Sources */ = {isa = PBXBuildFile; fileRef = 6F0AE57D1F0FD3B200D18AB0 /* CYHomeBar.swift */; };
		6F0CAD711F05AB1F00782641 /* CYUserAccountViewModel.swift in Sources */ = {isa = PBXBuildFile; fileRef = 6F0CAD701F05AB1F00782641 /* CYUserAccountViewModel.swift */; };
		6F0CAD741F08202500782641 /* CYWelcomeVC.swift in Sources */ = {isa = PBXBuildFile; fileRef = 6F0CAD731F08202500782641 /* CYWelcomeVC.swift */; };
		6F0DA3A41EF519AF004B4794 /* AppDelegate.swift in Sources */ = {isa = PBXBuildFile; fileRef = 6F0DA3A31EF519AF004B4794 /* AppDelegate.swift */; };
		6F0DA3A61EF519AF004B4794 /* ViewController.swift in Sources */ = {isa = PBXBuildFile; fileRef = 6F0DA3A51EF519AF004B4794 /* ViewController.swift */; };
		6F0DA3A91EF519AF004B4794 /* Main.storyboard in Resources */ = {isa = PBXBuildFile; fileRef = 6F0DA3A71EF519AF004B4794 /* Main.storyboard */; };
		6F0DA3AB1EF519AF004B4794 /* Assets.xcassets in Resources */ = {isa = PBXBuildFile; fileRef = 6F0DA3AA1EF519AF004B4794 /* Assets.xcassets */; };
		6F0DA3AE1EF519AF004B4794 /* LaunchScreen.storyboard in Resources */ = {isa = PBXBuildFile; fileRef = 6F0DA3AC1EF519AF004B4794 /* LaunchScreen.storyboard */; };
		6F0DA3C21EF528F0004B4794 /* CYTabBarController.swift in Sources */ = {isa = PBXBuildFile; fileRef = 6F0DA3C11EF528F0004B4794 /* CYTabBarController.swift */; };
		6F0DA3C41EF52908004B4794 /* CYHomeTableViewController.swift in Sources */ = {isa = PBXBuildFile; fileRef = 6F0DA3C31EF52908004B4794 /* CYHomeTableViewController.swift */; };
		6F0DA3C61EF5291C004B4794 /* CYMessageTableViewController.swift in Sources */ = {isa = PBXBuildFile; fileRef = 6F0DA3C51EF5291C004B4794 /* CYMessageTableViewController.swift */; };
		6F0DA3C81EF5292C004B4794 /* CYDiscoverTableViewController.swift in Sources */ = {isa = PBXBuildFile; fileRef = 6F0DA3C71EF5292C004B4794 /* CYDiscoverTableViewController.swift */; };
		6F0DA3CC1EF529E5004B4794 /* CYMineTableViewController.swift in Sources */ = {isa = PBXBuildFile; fileRef = 6F0DA3CB1EF529E5004B4794 /* CYMineTableViewController.swift */; };
		6F15AEE81EF6276F00507C6E /* UIBarButtonItem+Extension.swift in Sources */ = {isa = PBXBuildFile; fileRef = 6F15AEE71EF6276F00507C6E /* UIBarButtonItem+Extension.swift */; };
		6F15AEEA1EF6765500507C6E /* CYVisitorTableViewController.swift in Sources */ = {isa = PBXBuildFile; fileRef = 6F15AEE91EF6765500507C6E /* CYVisitorTableViewController.swift */; };
		6F15AEED1EF6CAE600507C6E /* CYVisitorView.swift in Sources */ = {isa = PBXBuildFile; fileRef = 6F15AEEC1EF6CAE600507C6E /* CYVisitorView.swift */; };
		6F167FAC1F08D8550015A588 /* Constant.swift in Sources */ = {isa = PBXBuildFile; fileRef = 6F167FAB1F08D8550015A588 /* Constant.swift */; };
		6F17D5641EF56A5C004A5BF6 /* CYTabBar.swift in Sources */ = {isa = PBXBuildFile; fileRef = 6F17D5631EF56A5C004A5BF6 /* CYTabBar.swift */; };
		6F17D5671EF591BC004A5BF6 /* UIView+Extension.swift in Sources */ = {isa = PBXBuildFile; fileRef = 6F17D5661EF591BC004A5BF6 /* UIView+Extension.swift */; };
		6F262CF41F0BE53C0017EBE5 /* CYHomeTableViewCell.swift in Sources */ = {isa = PBXBuildFile; fileRef = 6F262CF31F0BE53C0017EBE5 /* CYHomeTableViewCell.swift */; };
		6F262CF61F0BE59E0017EBE5 /* CYHomeOriginalView.swift in Sources */ = {isa = PBXBuildFile; fileRef = 6F262CF51F0BE59E0017EBE5 /* CYHomeOriginalView.swift */; };
		6F4CC1C81EFFA6EC0027FEA4 /* CYHTTPSessionManager.swift in Sources */ = {isa = PBXBuildFile; fileRef = 6F4CC1C71EFFA6EC0027FEA4 /* CYHTTPSessionManager.swift */; };
		6F4CC1CA1EFFD63F0027FEA4 /* CYAccessTokenModel.swift in Sources */ = {isa = PBXBuildFile; fileRef = 6F4CC1C91EFFD63F0027FEA4 /* CYAccessTokenModel.swift */; };
		6F5163061F0D3C3900E7C2E8 /* UILabel + Extension.swift in Sources */ = {isa = PBXBuildFile; fileRef = 6F5163051F0D3C3900E7C2E8 /* UILabel + Extension.swift */; };
		6F7C7B811EFACE4900540E0E /* OAuthViewController.swift in Sources */ = {isa = PBXBuildFile; fileRef = 6F7C7B801EFACE4900540E0E /* OAuthViewController.swift */; };
		6F81C6C51F093172006B1178 /* CYHomeStatusModel.swift in Sources */ = {isa = PBXBuildFile; fileRef = 6F81C6C41F093172006B1178 /* CYHomeStatusModel.swift */; };
		6F81C6C71F094195006B1178 /* CYAttentionModel.swift in Sources */ = {isa = PBXBuildFile; fileRef = 6F81C6C61F094195006B1178 /* CYAttentionModel.swift */; };
		6F81C6C91F095B48006B1178 /* CYHomeViewModel.swift in Sources */ = {isa = PBXBuildFile; fileRef = 6F81C6C81F095B48006B1178 /* CYHomeViewModel.swift */; };
/* End PBXBuildFile section */

/* Begin PBXFileReference section */
		0E61274846A0BA601204C3B6 /* Pods-MoonBlog.release.xcconfig */ = {isa = PBXFileReference; includeInIndex = 1; lastKnownFileType = text.xcconfig; name = "Pods-MoonBlog.release.xcconfig"; path = "Pods/Target Support Files/Pods-MoonBlog/Pods-MoonBlog.release.xcconfig"; sourceTree = "<group>"; };
		6F0A39EF1F10D10B006768F6 /* CYHomeRetweetView.swift */ = {isa = PBXFileReference; fileEncoding = 4; lastKnownFileType = sourcecode.swift; path = CYHomeRetweetView.swift; sourceTree = "<group>"; };
		6F0A39F11F114E9A006768F6 /* CYHomePictureModel.swift */ = {isa = PBXFileReference; fileEncoding = 4; lastKnownFileType = sourcecode.swift; path = CYHomePictureModel.swift; sourceTree = "<group>"; };
		6F0A39F31F11559D006768F6 /* CYHomePictureCollView.swift */ = {isa = PBXFileReference; fileEncoding = 4; lastKnownFileType = sourcecode.swift; path = CYHomePictureCollView.swift; sourceTree = "<group>"; };
		6F0AE57B1F0E8AF000D18AB0 /* CYHomeCellViewModel.swift */ = {isa = PBXFileReference; fileEncoding = 4; lastKnownFileType = sourcecode.swift; path = CYHomeCellViewModel.swift; sourceTree = "<group>"; };
		6F0AE57D1F0FD3B200D18AB0 /* CYHomeBar.swift */ = {isa = PBXFileReference; fileEncoding = 4; lastKnownFileType = sourcecode.swift; path = CYHomeBar.swift; sourceTree = "<group>"; };
		6F0CAD701F05AB1F00782641 /* CYUserAccountViewModel.swift */ = {isa = PBXFileReference; fileEncoding = 4; lastKnownFileType = sourcecode.swift; path = CYUserAccountViewModel.swift; sourceTree = "<group>"; };
		6F0CAD731F08202500782641 /* CYWelcomeVC.swift */ = {isa = PBXFileReference; fileEncoding = 4; lastKnownFileType = sourcecode.swift; path = CYWelcomeVC.swift; sourceTree = "<group>"; };
		6F0DA3A01EF519AF004B4794 /* MoonBlog.app */ = {isa = PBXFileReference; explicitFileType = wrapper.application; includeInIndex = 0; path = MoonBlog.app; sourceTree = BUILT_PRODUCTS_DIR; };
		6F0DA3A31EF519AF004B4794 /* AppDelegate.swift */ = {isa = PBXFileReference; lastKnownFileType = sourcecode.swift; path = AppDelegate.swift; sourceTree = "<group>"; };
		6F0DA3A51EF519AF004B4794 /* ViewController.swift */ = {isa = PBXFileReference; lastKnownFileType = sourcecode.swift; path = ViewController.swift; sourceTree = "<group>"; };
		6F0DA3A81EF519AF004B4794 /* Base */ = {isa = PBXFileReference; lastKnownFileType = file.storyboard; name = Base; path = Base.lproj/Main.storyboard; sourceTree = "<group>"; };
		6F0DA3AA1EF519AF004B4794 /* Assets.xcassets */ = {isa = PBXFileReference; lastKnownFileType = folder.assetcatalog; path = Assets.xcassets; sourceTree = "<group>"; };
		6F0DA3AD1EF519AF004B4794 /* Base */ = {isa = PBXFileReference; lastKnownFileType = file.storyboard; name = Base; path = Base.lproj/LaunchScreen.storyboard; sourceTree = "<group>"; };
		6F0DA3AF1EF519AF004B4794 /* Info.plist */ = {isa = PBXFileReference; lastKnownFileType = text.plist.xml; path = Info.plist; sourceTree = "<group>"; };
		6F0DA3C11EF528F0004B4794 /* CYTabBarController.swift */ = {isa = PBXFileReference; fileEncoding = 4; lastKnownFileType = sourcecode.swift; path = CYTabBarController.swift; sourceTree = "<group>"; };
		6F0DA3C31EF52908004B4794 /* CYHomeTableViewController.swift */ = {isa = PBXFileReference; fileEncoding = 4; lastKnownFileType = sourcecode.swift; path = CYHomeTableViewController.swift; sourceTree = "<group>"; };
		6F0DA3C51EF5291C004B4794 /* CYMessageTableViewController.swift */ = {isa = PBXFileReference; fileEncoding = 4; lastKnownFileType = sourcecode.swift; path = CYMessageTableViewController.swift; sourceTree = "<group>"; };
		6F0DA3C71EF5292C004B4794 /* CYDiscoverTableViewController.swift */ = {isa = PBXFileReference; fileEncoding = 4; lastKnownFileType = sourcecode.swift; path = CYDiscoverTableViewController.swift; sourceTree = "<group>"; };
		6F0DA3CB1EF529E5004B4794 /* CYMineTableViewController.swift */ = {isa = PBXFileReference; fileEncoding = 4; lastKnownFileType = sourcecode.swift; path = CYMineTableViewController.swift; sourceTree = "<group>"; };
		6F15AEE71EF6276F00507C6E /* UIBarButtonItem+Extension.swift */ = {isa = PBXFileReference; fileEncoding = 4; lastKnownFileType = sourcecode.swift; path = "UIBarButtonItem+Extension.swift"; sourceTree = "<group>"; };
		6F15AEE91EF6765500507C6E /* CYVisitorTableViewController.swift */ = {isa = PBXFileReference; fileEncoding = 4; lastKnownFileType = sourcecode.swift; path = CYVisitorTableViewController.swift; sourceTree = "<group>"; };
		6F15AEEC1EF6CAE600507C6E /* CYVisitorView.swift */ = {isa = PBXFileReference; fileEncoding = 4; lastKnownFileType = sourcecode.swift; path = CYVisitorView.swift; sourceTree = "<group>"; };
		6F167FAB1F08D8550015A588 /* Constant.swift */ = {isa = PBXFileReference; fileEncoding = 4; lastKnownFileType = sourcecode.swift; path = Constant.swift; sourceTree = "<group>"; };
		6F17D5631EF56A5C004A5BF6 /* CYTabBar.swift */ = {isa = PBXFileReference; fileEncoding = 4; lastKnownFileType = sourcecode.swift; path = CYTabBar.swift; sourceTree = "<group>"; };
		6F17D5661EF591BC004A5BF6 /* UIView+Extension.swift */ = {isa = PBXFileReference; fileEncoding = 4; lastKnownFileType = sourcecode.swift; path = "UIView+Extension.swift"; sourceTree = "<group>"; };
		6F262CF31F0BE53C0017EBE5 /* CYHomeTableViewCell.swift */ = {isa = PBXFileReference; fileEncoding = 4; lastKnownFileType = sourcecode.swift; path = CYHomeTableViewCell.swift; sourceTree = "<group>"; };
		6F262CF51F0BE59E0017EBE5 /* CYHomeOriginalView.swift */ = {isa = PBXFileReference; fileEncoding = 4; lastKnownFileType = sourcecode.swift; path = CYHomeOriginalView.swift; sourceTree = "<group>"; };
		6F4CC1C71EFFA6EC0027FEA4 /* CYHTTPSessionManager.swift */ = {isa = PBXFileReference; fileEncoding = 4; lastKnownFileType = sourcecode.swift; path = CYHTTPSessionManager.swift; sourceTree = "<group>"; };
		6F4CC1C91EFFD63F0027FEA4 /* CYAccessTokenModel.swift */ = {isa = PBXFileReference; fileEncoding = 4; lastKnownFileType = sourcecode.swift; path = CYAccessTokenModel.swift; sourceTree = "<group>"; };
		6F5163051F0D3C3900E7C2E8 /* UILabel + Extension.swift */ = {isa = PBXFileReference; fileEncoding = 4; lastKnownFileType = sourcecode.swift; path = "UILabel + Extension.swift"; sourceTree = "<group>"; };
		6F7C7B801EFACE4900540E0E /* OAuthViewController.swift */ = {isa = PBXFileReference; fileEncoding = 4; lastKnownFileType = sourcecode.swift; path = OAuthViewController.swift; sourceTree = "<group>"; };
		6F81C6C41F093172006B1178 /* CYHomeStatusModel.swift */ = {isa = PBXFileReference; fileEncoding = 4; lastKnownFileType = sourcecode.swift; path = CYHomeStatusModel.swift; sourceTree = "<group>"; };
		6F81C6C61F094195006B1178 /* CYAttentionModel.swift */ = {isa = PBXFileReference; fileEncoding = 4; lastKnownFileType = sourcecode.swift; path = CYAttentionModel.swift; sourceTree = "<group>"; };
		6F81C6C81F095B48006B1178 /* CYHomeViewModel.swift */ = {isa = PBXFileReference; fileEncoding = 4; lastKnownFileType = sourcecode.swift; path = CYHomeViewModel.swift; sourceTree = "<group>"; };
		815172332782BC8A4591AE11 /* Pods_MoonBlog.framework */ = {isa = PBXFileReference; explicitFileType = wrapper.framework; includeInIndex = 0; path = Pods_MoonBlog.framework; sourceTree = BUILT_PRODUCTS_DIR; };
		D88119DBB8092198F6ECB042 /* Pods-MoonBlog.debug.xcconfig */ = {isa = PBXFileReference; includeInIndex = 1; lastKnownFileType = text.xcconfig; name = "Pods-MoonBlog.debug.xcconfig"; path = "Pods/Target Support Files/Pods-MoonBlog/Pods-MoonBlog.debug.xcconfig"; sourceTree = "<group>"; };
/* End PBXFileReference section */

/* Begin PBXFrameworksBuildPhase section */
		6F0DA39D1EF519AF004B4794 /* Frameworks */ = {
			isa = PBXFrameworksBuildPhase;
			buildActionMask = 2147483647;
			files = (
				3FC7ED19ADAD5698820BBF7B /* Pods_MoonBlog.framework in Frameworks */,
			);
			runOnlyForDeploymentPostprocessing = 0;
		};
/* End PBXFrameworksBuildPhase section */

/* Begin PBXGroup section */
		5CA846F7AA2860BD77CFA2D0 /* Pods */ = {
			isa = PBXGroup;
			children = (
				D88119DBB8092198F6ECB042 /* Pods-MoonBlog.debug.xcconfig */,
				0E61274846A0BA601204C3B6 /* Pods-MoonBlog.release.xcconfig */,
			);
			name = Pods;
			sourceTree = "<group>";
		};
		6F0CAD721F08200400782641 /* welcome */ = {
			isa = PBXGroup;
			children = (
				6F0CAD731F08202500782641 /* CYWelcomeVC.swift */,
			);
			path = welcome;
			sourceTree = "<group>";
		};
		6F0DA3971EF519AF004B4794 = {
			isa = PBXGroup;
			children = (
				6F0DA3A21EF519AF004B4794 /* MoonBlog */,
				6F0DA3A11EF519AF004B4794 /* Products */,
				5CA846F7AA2860BD77CFA2D0 /* Pods */,
				F3FF336B5772518457D6131D /* Frameworks */,
			);
			sourceTree = "<group>";
		};
		6F0DA3A11EF519AF004B4794 /* Products */ = {
			isa = PBXGroup;
			children = (
				6F0DA3A01EF519AF004B4794 /* MoonBlog.app */,
			);
			name = Products;
			sourceTree = "<group>";
		};
		6F0DA3A21EF519AF004B4794 /* MoonBlog */ = {
			isa = PBXGroup;
			children = (
				6F0DA3B51EF52819004B4794 /* Classes */,
				6F0DA3A31EF519AF004B4794 /* AppDelegate.swift */,
				6F0DA3A51EF519AF004B4794 /* ViewController.swift */,
				6F0DA3A71EF519AF004B4794 /* Main.storyboard */,
				6F0DA3AA1EF519AF004B4794 /* Assets.xcassets */,
				6F0DA3AC1EF519AF004B4794 /* LaunchScreen.storyboard */,
				6F0DA3AF1EF519AF004B4794 /* Info.plist */,
			);
			path = MoonBlog;
			sourceTree = "<group>";
		};
		6F0DA3B51EF52819004B4794 /* Classes */ = {
			isa = PBXGroup;
			children = (
				6F0DA3B61EF52819004B4794 /* Lib */,
				6F0DA3B71EF52819004B4794 /* Model */,
				6F0DA3B81EF52819004B4794 /* Other */,
				6F0DA3B91EF52819004B4794 /* Tool */,
				6F0DA3BA1EF52819004B4794 /* View */,
				6F0DA3C01EF52819004B4794 /* ViewModel */,
			);
			path = Classes;
			sourceTree = "<group>";
		};
		6F0DA3B61EF52819004B4794 /* Lib */ = {
			isa = PBXGroup;
			children = (
			);
			path = Lib;
			sourceTree = "<group>";
		};
		6F0DA3B71EF52819004B4794 /* Model */ = {
			isa = PBXGroup;
			children = (
				6F81C6C41F093172006B1178 /* CYHomeStatusModel.swift */,
				6F4CC1C91EFFD63F0027FEA4 /* CYAccessTokenModel.swift */,
				6F81C6C61F094195006B1178 /* CYAttentionModel.swift */,
				6F0A39F11F114E9A006768F6 /* CYHomePictureModel.swift */,
			);
			path = Model;
			sourceTree = "<group>";
		};
		6F0DA3B81EF52819004B4794 /* Other */ = {
			isa = PBXGroup;
			children = (
			);
			path = Other;
			sourceTree = "<group>";
		};
		6F0DA3B91EF52819004B4794 /* Tool */ = {
			isa = PBXGroup;
			children = (
				6F167FAA1F08D8370015A588 /* Constant */,
				6F4CC1C61EFFA6970027FEA4 /* NetworkTools */,
				6F17D5651EF5919C004A5BF6 /* Extension */,
			);
			path = Tool;
			sourceTree = "<group>";
		};
		6F0DA3BA1EF52819004B4794 /* View */ = {
			isa = PBXGroup;
			children = (
				6F0CAD721F08200400782641 /* welcome */,
				6F7C7B7F1EFACE1B00540E0E /* OAuth */,
				6F0DA3BD1EF52819004B4794 /* Main */,
				6F0DA3BC1EF52819004B4794 /* Home */,
				6F0DA3BE1EF52819004B4794 /* Message */,
				6F0DA3BB1EF52819004B4794 /* Discover */,
				6F0DA3BF1EF52819004B4794 /* Mine */,
			);
			path = View;
			sourceTree = "<group>";
		};
		6F0DA3BB1EF52819004B4794 /* Discover */ = {
			isa = PBXGroup;
			children = (
				6F0DA3C71EF5292C004B4794 /* CYDiscoverTableViewController.swift */,
			);
			path = Discover;
			sourceTree = "<group>";
		};
		6F0DA3BC1EF52819004B4794 /* Home */ = {
			isa = PBXGroup;
			children = (
				6F262CF21F0BE5100017EBE5 /* view */,
				6F0DA3C31EF52908004B4794 /* CYHomeTableViewController.swift */,
			);
			path = Home;
			sourceTree = "<group>";
		};
		6F0DA3BD1EF52819004B4794 /* Main */ = {
			isa = PBXGroup;
			children = (
				6F17D5621EF56A30004A5BF6 /* TabBar */,
				6F0DA3C11EF528F0004B4794 /* CYTabBarController.swift */,
				6F15AEE91EF6765500507C6E /* CYVisitorTableViewController.swift */,
			);
			path = Main;
			sourceTree = "<group>";
		};
		6F0DA3BE1EF52819004B4794 /* Message */ = {
			isa = PBXGroup;
			children = (
				6F0DA3C51EF5291C004B4794 /* CYMessageTableViewController.swift */,
			);
			path = Message;
			sourceTree = "<group>";
		};
		6F0DA3BF1EF52819004B4794 /* Mine */ = {
			isa = PBXGroup;
			children = (
				6F0DA3CB1EF529E5004B4794 /* CYMineTableViewController.swift */,
			);
			path = Mine;
			sourceTree = "<group>";
		};
		6F0DA3C01EF52819004B4794 /* ViewModel */ = {
			isa = PBXGroup;
			children = (
				6F0CAD701F05AB1F00782641 /* CYUserAccountViewModel.swift */,
				6F81C6C81F095B48006B1178 /* CYHomeViewModel.swift */,
				6F0AE57B1F0E8AF000D18AB0 /* CYHomeCellViewModel.swift */,
			);
			path = ViewModel;
			sourceTree = "<group>";
		};
		6F167FAA1F08D8370015A588 /* Constant */ = {
			isa = PBXGroup;
			children = (
				6F167FAB1F08D8550015A588 /* Constant.swift */,
			);
			path = Constant;
			sourceTree = "<group>";
		};
		6F17D5621EF56A30004A5BF6 /* TabBar */ = {
			isa = PBXGroup;
			children = (
				6F17D5631EF56A5C004A5BF6 /* CYTabBar.swift */,
				6F15AEEC1EF6CAE600507C6E /* CYVisitorView.swift */,
			);
			path = TabBar;
			sourceTree = "<group>";
		};
		6F17D5651EF5919C004A5BF6 /* Extension */ = {
			isa = PBXGroup;
			children = (
				6F17D5661EF591BC004A5BF6 /* UIView+Extension.swift */,
				6F15AEE71EF6276F00507C6E /* UIBarButtonItem+Extension.swift */,
				6F5163051F0D3C3900E7C2E8 /* UILabel + Extension.swift */,
			);
			path = Extension;
			sourceTree = "<group>";
		};
		6F262CF21F0BE5100017EBE5 /* view */ = {
			isa = PBXGroup;
			children = (
				6F262CF31F0BE53C0017EBE5 /* CYHomeTableViewCell.swift */,
				6F262CF51F0BE59E0017EBE5 /* CYHomeOriginalView.swift */,
				6F0AE57D1F0FD3B200D18AB0 /* CYHomeBar.swift */,
				6F0A39EF1F10D10B006768F6 /* CYHomeRetweetView.swift */,
				6F0A39F31F11559D006768F6 /* CYHomePictureCollView.swift */,
			);
			path = view;
			sourceTree = "<group>";
		};
		6F4CC1C61EFFA6970027FEA4 /* NetworkTools */ = {
			isa = PBXGroup;
			children = (
				6F4CC1C71EFFA6EC0027FEA4 /* CYHTTPSessionManager.swift */,
			);
			name = NetworkTools;
			sourceTree = "<group>";
		};
		6F7C7B7F1EFACE1B00540E0E /* OAuth */ = {
			isa = PBXGroup;
			children = (
				6F7C7B801EFACE4900540E0E /* OAuthViewController.swift */,
			);
			name = OAuth;
			sourceTree = "<group>";
		};
		F3FF336B5772518457D6131D /* Frameworks */ = {
			isa = PBXGroup;
			children = (
				815172332782BC8A4591AE11 /* Pods_MoonBlog.framework */,
			);
			name = Frameworks;
			sourceTree = "<group>";
		};
/* End PBXGroup section */

/* Begin PBXNativeTarget section */
		6F0DA39F1EF519AF004B4794 /* MoonBlog */ = {
			isa = PBXNativeTarget;
			buildConfigurationList = 6F0DA3B21EF519AF004B4794 /* Build configuration list for PBXNativeTarget "MoonBlog" */;
			buildPhases = (
				7004D2A7827155A88CC5648E /* [CP] Check Pods Manifest.lock */,
				6F0DA39C1EF519AF004B4794 /* Sources */,
				6F0DA39D1EF519AF004B4794 /* Frameworks */,
				6F0DA39E1EF519AF004B4794 /* Resources */,
				F6CA2E97CAEF4E27F0916E68 /* [CP] Embed Pods Frameworks */,
				283918A65192B1AB8CF6410A /* [CP] Copy Pods Resources */,
			);
			buildRules = (
			);
			dependencies = (
			);
			name = MoonBlog;
			productName = MoonBlog;
			productReference = 6F0DA3A01EF519AF004B4794 /* MoonBlog.app */;
			productType = "com.apple.product-type.application";
		};
/* End PBXNativeTarget section */

/* Begin PBXProject section */
		6F0DA3981EF519AF004B4794 /* Project object */ = {
			isa = PBXProject;
			attributes = {
				CLASSPREFIX = CY;
				LastSwiftUpdateCheck = 0820;
				LastUpgradeCheck = 0820;
				ORGANIZATIONNAME = "蔡钰";
				TargetAttributes = {
					6F0DA39F1EF519AF004B4794 = {
						CreatedOnToolsVersion = 8.2;
						ProvisioningStyle = Automatic;
					};
				};
			};
			buildConfigurationList = 6F0DA39B1EF519AF004B4794 /* Build configuration list for PBXProject "MoonBlog" */;
			compatibilityVersion = "Xcode 3.2";
			developmentRegion = English;
			hasScannedForEncodings = 0;
			knownRegions = (
				en,
				Base,
			);
			mainGroup = 6F0DA3971EF519AF004B4794;
			productRefGroup = 6F0DA3A11EF519AF004B4794 /* Products */;
			projectDirPath = "";
			projectRoot = "";
			targets = (
				6F0DA39F1EF519AF004B4794 /* MoonBlog */,
			);
		};
/* End PBXProject section */

/* Begin PBXResourcesBuildPhase section */
		6F0DA39E1EF519AF004B4794 /* Resources */ = {
			isa = PBXResourcesBuildPhase;
			buildActionMask = 2147483647;
			files = (
				6F0DA3AE1EF519AF004B4794 /* LaunchScreen.storyboard in Resources */,
				6F0DA3AB1EF519AF004B4794 /* Assets.xcassets in Resources */,
				6F0DA3A91EF519AF004B4794 /* Main.storyboard in Resources */,
			);
			runOnlyForDeploymentPostprocessing = 0;
		};
/* End PBXResourcesBuildPhase section */

/* Begin PBXShellScriptBuildPhase section */
		283918A65192B1AB8CF6410A /* [CP] Copy Pods Resources */ = {
			isa = PBXShellScriptBuildPhase;
			buildActionMask = 2147483647;
			files = (
			);
			inputPaths = (
			);
			name = "[CP] Copy Pods Resources";
			outputPaths = (
			);
			runOnlyForDeploymentPostprocessing = 0;
			shellPath = /bin/sh;
			shellScript = "\"${SRCROOT}/Pods/Target Support Files/Pods-MoonBlog/Pods-MoonBlog-resources.sh\"\n";
			showEnvVarsInLog = 0;
		};
		7004D2A7827155A88CC5648E /* [CP] Check Pods Manifest.lock */ = {
			isa = PBXShellScriptBuildPhase;
			buildActionMask = 2147483647;
			files = (
			);
			inputPaths = (
			);
			name = "[CP] Check Pods Manifest.lock";
			outputPaths = (
			);
			runOnlyForDeploymentPostprocessing = 0;
			shellPath = /bin/sh;
			shellScript = "diff \"${PODS_ROOT}/../Podfile.lock\" \"${PODS_ROOT}/Manifest.lock\" > /dev/null\nif [ $? != 0 ] ; then\n    # print error to STDERR\n    echo \"error: The sandbox is not in sync with the Podfile.lock. Run 'pod install' or update your CocoaPods installation.\" >&2\n    exit 1\nfi\n";
			showEnvVarsInLog = 0;
		};
		F6CA2E97CAEF4E27F0916E68 /* [CP] Embed Pods Frameworks */ = {
			isa = PBXShellScriptBuildPhase;
			buildActionMask = 2147483647;
			files = (
			);
			inputPaths = (
			);
			name = "[CP] Embed Pods Frameworks";
			outputPaths = (
			);
			runOnlyForDeploymentPostprocessing = 0;
			shellPath = /bin/sh;
			shellScript = "\"${SRCROOT}/Pods/Target Support Files/Pods-MoonBlog/Pods-MoonBlog-frameworks.sh\"\n";
			showEnvVarsInLog = 0;
		};
/* End PBXShellScriptBuildPhase section */

/* Begin PBXSourcesBuildPhase section */
		6F0DA39C1EF519AF004B4794 /* Sources */ = {
			isa = PBXSourcesBuildPhase;
			buildActionMask = 2147483647;
			files = (
				6F262CF61F0BE59E0017EBE5 /* CYHomeOriginalView.swift in Sources */,
				6F0A39F21F114E9A006768F6 /* CYHomePictureModel.swift in Sources */,
				6F81C6C91F095B48006B1178 /* CYHomeViewModel.swift in Sources */,
				6F0DA3A61EF519AF004B4794 /* ViewController.swift in Sources */,
				6F17D5641EF56A5C004A5BF6 /* CYTabBar.swift in Sources */,
				6F15AEEA1EF6765500507C6E /* CYVisitorTableViewController.swift in Sources */,
				6F15AEE81EF6276F00507C6E /* UIBarButtonItem+Extension.swift in Sources */,
				6F0AE57E1F0FD3B200D18AB0 /* CYHomeBar.swift in Sources */,
				6F81C6C71F094195006B1178 /* CYAttentionModel.swift in Sources */,
				6F4CC1C81EFFA6EC0027FEA4 /* CYHTTPSessionManager.swift in Sources */,
				6F0DA3C21EF528F0004B4794 /* CYTabBarController.swift in Sources */,
				6F17D5671EF591BC004A5BF6 /* UIView+Extension.swift in Sources */,
				6F0AE57C1F0E8AF000D18AB0 /* CYHomeCellViewModel.swift in Sources */,
				6F0A39F41F11559D006768F6 /* CYHomePictureCollView.swift in Sources */,
				6F0A39F01F10D10B006768F6 /* CYHomeRetweetView.swift in Sources */,
				6F0DA3CC1EF529E5004B4794 /* CYMineTableViewController.swift in Sources */,
				6F0DA3C61EF5291C004B4794 /* CYMessageTableViewController.swift in Sources */,
				6F0DA3C41EF52908004B4794 /* CYHomeTableViewController.swift in Sources */,
				6F0CAD741F08202500782641 /* CYWelcomeVC.swift in Sources */,
				6F167FAC1F08D8550015A588 /* Constant.swift in Sources */,
				6F15AEED1EF6CAE600507C6E /* CYVisitorView.swift in Sources */,
				6F0CAD711F05AB1F00782641 /* CYUserAccountViewModel.swift in Sources */,
				6F7C7B811EFACE4900540E0E /* OAuthViewController.swift in Sources */,
				6F5163061F0D3C3900E7C2E8 /* UILabel + Extension.swift in Sources */,
				6F0DA3C81EF5292C004B4794 /* CYDiscoverTableViewController.swift in Sources */,
				6F262CF41F0BE53C0017EBE5 /* CYHomeTableViewCell.swift in Sources */,
				6F81C6C51F093172006B1178 /* CYHomeStatusModel.swift in Sources */,
				6F4CC1CA1EFFD63F0027FEA4 /* CYAccessTokenModel.swift in Sources */,
				6F0DA3A41EF519AF004B4794 /* AppDelegate.swift in Sources */,
			);
			runOnlyForDeploymentPostprocessing = 0;
		};
/* End PBXSourcesBuildPhase section */

/* Begin PBXVariantGroup section */
		6F0DA3A71EF519AF004B4794 /* Main.storyboard */ = {
			isa = PBXVariantGroup;
			children = (
				6F0DA3A81EF519AF004B4794 /* Base */,
			);
			name = Main.storyboard;
			sourceTree = "<group>";
		};
		6F0DA3AC1EF519AF004B4794 /* LaunchScreen.storyboard */ = {
			isa = PBXVariantGroup;
			children = (
				6F0DA3AD1EF519AF004B4794 /* Base */,
			);
			name = LaunchScreen.storyboard;
			sourceTree = "<group>";
		};
/* End PBXVariantGroup section */

/* Begin XCBuildConfiguration section */
		6F0DA3B01EF519AF004B4794 /* Debug */ = {
			isa = XCBuildConfiguration;
			buildSettings = {
				ALWAYS_SEARCH_USER_PATHS = NO;
				CLANG_ANALYZER_NONNULL = YES;
				CLANG_CXX_LANGUAGE_STANDARD = "gnu++0x";
				CLANG_CXX_LIBRARY = "libc++";
				CLANG_ENABLE_MODULES = YES;
				CLANG_ENABLE_OBJC_ARC = YES;
				CLANG_WARN_BOOL_CONVERSION = YES;
				CLANG_WARN_CONSTANT_CONVERSION = YES;
				CLANG_WARN_DIRECT_OBJC_ISA_USAGE = YES_ERROR;
				CLANG_WARN_DOCUMENTATION_COMMENTS = YES;
				CLANG_WARN_EMPTY_BODY = YES;
				CLANG_WARN_ENUM_CONVERSION = YES;
				CLANG_WARN_INFINITE_RECURSION = YES;
				CLANG_WARN_INT_CONVERSION = YES;
				CLANG_WARN_OBJC_ROOT_CLASS = YES_ERROR;
				CLANG_WARN_SUSPICIOUS_MOVE = YES;
				CLANG_WARN_UNREACHABLE_CODE = YES;
				CLANG_WARN__DUPLICATE_METHOD_MATCH = YES;
				"CODE_SIGN_IDENTITY[sdk=iphoneos*]" = "iPhone Developer";
				COPY_PHASE_STRIP = NO;
				DEBUG_INFORMATION_FORMAT = dwarf;
				ENABLE_STRICT_OBJC_MSGSEND = YES;
				ENABLE_TESTABILITY = YES;
				GCC_C_LANGUAGE_STANDARD = gnu99;
				GCC_DYNAMIC_NO_PIC = NO;
				GCC_NO_COMMON_BLOCKS = YES;
				GCC_OPTIMIZATION_LEVEL = 0;
				GCC_PREPROCESSOR_DEFINITIONS = (
					"DEBUG=1",
					"$(inherited)",
				);
				GCC_WARN_64_TO_32_BIT_CONVERSION = YES;
				GCC_WARN_ABOUT_RETURN_TYPE = YES_ERROR;
				GCC_WARN_UNDECLARED_SELECTOR = YES;
				GCC_WARN_UNINITIALIZED_AUTOS = YES_AGGRESSIVE;
				GCC_WARN_UNUSED_FUNCTION = YES;
				GCC_WARN_UNUSED_VARIABLE = YES;
				IPHONEOS_DEPLOYMENT_TARGET = 10.2;
				MTL_ENABLE_DEBUG_INFO = YES;
				ONLY_ACTIVE_ARCH = YES;
				SDKROOT = iphoneos;
				SWIFT_ACTIVE_COMPILATION_CONDITIONS = DEBUG;
				SWIFT_OPTIMIZATION_LEVEL = "-Onone";
				TARGETED_DEVICE_FAMILY = "1,2";
			};
			name = Debug;
		};
		6F0DA3B11EF519AF004B4794 /* Release */ = {
			isa = XCBuildConfiguration;
			buildSettings = {
				ALWAYS_SEARCH_USER_PATHS = NO;
				CLANG_ANALYZER_NONNULL = YES;
				CLANG_CXX_LANGUAGE_STANDARD = "gnu++0x";
				CLANG_CXX_LIBRARY = "libc++";
				CLANG_ENABLE_MODULES = YES;
				CLANG_ENABLE_OBJC_ARC = YES;
				CLANG_WARN_BOOL_CONVERSION = YES;
				CLANG_WARN_CONSTANT_CONVERSION = YES;
				CLANG_WARN_DIRECT_OBJC_ISA_USAGE = YES_ERROR;
				CLANG_WARN_DOCUMENTATION_COMMENTS = YES;
				CLANG_WARN_EMPTY_BODY = YES;
				CLANG_WARN_ENUM_CONVERSION = YES;
				CLANG_WARN_INFINITE_RECURSION = YES;
				CLANG_WARN_INT_CONVERSION = YES;
				CLANG_WARN_OBJC_ROOT_CLASS = YES_ERROR;
				CLANG_WARN_SUSPICIOUS_MOVE = YES;
				CLANG_WARN_UNREACHABLE_CODE = YES;
				CLANG_WARN__DUPLICATE_METHOD_MATCH = YES;
				"CODE_SIGN_IDENTITY[sdk=iphoneos*]" = "iPhone Developer";
				COPY_PHASE_STRIP = NO;
				DEBUG_INFORMATION_FORMAT = "dwarf-with-dsym";
				ENABLE_NS_ASSERTIONS = NO;
				ENABLE_STRICT_OBJC_MSGSEND = YES;
				GCC_C_LANGUAGE_STANDARD = gnu99;
				GCC_NO_COMMON_BLOCKS = YES;
				GCC_WARN_64_TO_32_BIT_CONVERSION = YES;
				GCC_WARN_ABOUT_RETURN_TYPE = YES_ERROR;
				GCC_WARN_UNDECLARED_SELECTOR = YES;
				GCC_WARN_UNINITIALIZED_AUTOS = YES_AGGRESSIVE;
				GCC_WARN_UNUSED_FUNCTION = YES;
				GCC_WARN_UNUSED_VARIABLE = YES;
				IPHONEOS_DEPLOYMENT_TARGET = 10.2;
				MTL_ENABLE_DEBUG_INFO = NO;
				SDKROOT = iphoneos;
				SWIFT_OPTIMIZATION_LEVEL = "-Owholemodule";
				TARGETED_DEVICE_FAMILY = "1,2";
				VALIDATE_PRODUCT = YES;
			};
			name = Release;
		};
		6F0DA3B31EF519AF004B4794 /* Debug */ = {
			isa = XCBuildConfiguration;
			baseConfigurationReference = D88119DBB8092198F6ECB042 /* Pods-MoonBlog.debug.xcconfig */;
			buildSettings = {
				ASSETCATALOG_COMPILER_APPICON_NAME = AppIcon;
				ASSETCATALOG_COMPILER_LAUNCHIMAGE_NAME = LaunchImage;
				INFOPLIST_FILE = MoonBlog/Info.plist;
				IPHONEOS_DEPLOYMENT_TARGET = 9.0;
				LD_RUNPATH_SEARCH_PATHS = "$(inherited) @executable_path/Frameworks";
				PRODUCT_BUNDLE_IDENTIFIER = hh.MoonBlog;
				PRODUCT_NAME = "$(TARGET_NAME)";
				SWIFT_VERSION = 3.0;
			};
			name = Debug;
		};
		6F0DA3B41EF519AF004B4794 /* Release */ = {
			isa = XCBuildConfiguration;
			baseConfigurationReference = 0E61274846A0BA601204C3B6 /* Pods-MoonBlog.release.xcconfig */;
			buildSettings = {
				ASSETCATALOG_COMPILER_APPICON_NAME = AppIcon;
				ASSETCATALOG_COMPILER_LAUNCHIMAGE_NAME = LaunchImage;
				INFOPLIST_FILE = MoonBlog/Info.plist;
				IPHONEOS_DEPLOYMENT_TARGET = 9.0;
				LD_RUNPATH_SEARCH_PATHS = "$(inherited) @executable_path/Frameworks";
				PRODUCT_BUNDLE_IDENTIFIER = hh.MoonBlog;
				PRODUCT_NAME = "$(TARGET_NAME)";
				SWIFT_VERSION = 3.0;
			};
			name = Release;
		};
/* End XCBuildConfiguration section */

/* Begin XCConfigurationList section */
		6F0DA39B1EF519AF004B4794 /* Build configuration list for PBXProject "MoonBlog" */ = {
			isa = XCConfigurationList;
			buildConfigurations = (
				6F0DA3B01EF519AF004B4794 /* Debug */,
				6F0DA3B11EF519AF004B4794 /* Release */,
			);
			defaultConfigurationIsVisible = 0;
			defaultConfigurationName = Release;
		};
		6F0DA3B21EF519AF004B4794 /* Build configuration list for PBXNativeTarget "MoonBlog" */ = {
			isa = XCConfigurationList;
			buildConfigurations = (
				6F0DA3B31EF519AF004B4794 /* Debug */,
				6F0DA3B41EF519AF004B4794 /* Release */,
			);
			defaultConfigurationIsVisible = 0;
			defaultConfigurationName = Release;
		};
/* End XCConfigurationList section */
	};
	rootObject = 6F0DA3981EF519AF004B4794 /* Project object */;
}
